
Microsoft Visual Studio Solution File, Format Version 12.00
# Visual Studio 2013
VisualStudioVersion = 12.0.30723.0
MinimumVisualStudioVersion = 10.0.40219.1
Project("{FAE04EC0-301F-11D3-BF4B-00C04F79EFBC}") = "PackageWebService", "PackageWebServer\PackageWebService.csproj", "{22A430E9-F076-4AC1-B517-7E8C1A59A02C}"
EndProject
Project("{FAE04EC0-301F-11D3-BF4B-00C04F79EFBC}") = "WebClient", "WebClient\WebClient.csproj", "{D6354F7F-FC81-4725-9D32-34D5B1957291}"
EndProject
Project("{FAE04EC0-301F-11D3-BF4B-00C04F79EFBC}") = "PackageStatusWebService", "PackageStatusWebService\PackageStatusWebService.csproj", "{9FE5C05B-ECE1-457D-AF58-440C951D678E}"
EndProject
Global
	GlobalSection(SolutionConfigurationPlatforms) = preSolution
		Debug|Any CPU = Debug|Any CPU
		Release|Any CPU = Release|Any CPU
	EndGlobalSection
	GlobalSection(ProjectConfigurationPlatforms) = postSolution
		{22A430E9-F076-4AC1-B517-7E8C1A59A02C}.Debug|Any CPU.ActiveCfg = Debug|Any CPU
		{22A430E9-F076-4AC1-B517-7E8C1A59A02C}.Debug|Any CPU.Build.0 = Debug|Any CPU
		{22A430E9-F076-4AC1-B517-7E8C1A59A02C}.Release|Any CPU.ActiveCfg = Release|Any CPU
		{22A430E9-F076-4AC1-B517-7E8C1A59A02C}.Release|Any CPU.Build.0 = Release|Any CPU
		{D6354F7F-FC81-4725-9D32-34D5B1957291}.Debug|Any CPU.ActiveCfg = Debug|Any CPU
		{D6354F7F-FC81-4725-9D32-34D5B1957291}.Debug|Any CPU.Build.0 = Debug|Any CPU
		{D6354F7F-FC81-4725-9D32-34D5B1957291}.Release|Any CPU.ActiveCfg = Release|Any CPU
		{D6354F7F-FC81-4725-9D32-34D5B1957291}.Release|Any CPU.Build.0 = Release|Any CPU
		{9FE5C05B-ECE1-457D-AF58-440C951D678E}.Debug|Any CPU.ActiveCfg = Debug|Any CPU
		{9FE5C05B-ECE1-457D-AF58-440C951D678E}.Debug|Any CPU.Build.0 = Debug|Any CPU
		{9FE5C05B-ECE1-457D-AF58-440C951D678E}.Release|Any CPU.ActiveCfg = Release|Any CPU
		{9FE5C05B-ECE1-457D-AF58-440C951D678E}.Release|Any CPU.Build.0 = Release|Any CPU
	EndGlobalSection
	GlobalSection(SolutionProperties) = preSolution
		HideSolutionNode = FALSE
	EndGlobalSection
EndGlobal
